// !$*UTF8*$!
{
	archiveVersion = 1;
	classes = {
	};
	objectVersion = 46;
	objects = {

/* Begin PBXBuildFile section */
		3A1C336D1F7372A7002CCE11 /* content.json in Resources */ = {isa = PBXBuildFile; fileRef = 3A1C336C1F7372A6002CCE11 /* content.json */; };
		3ABD38FB1F6E82120098049F /* AppDelegate.swift in Sources */ = {isa = PBXBuildFile; fileRef = 3ABD38FA1F6E82120098049F /* AppDelegate.swift */; };
		3ABD39001F6E82130098049F /* Main.storyboard in Resources */ = {isa = PBXBuildFile; fileRef = 3ABD38FE1F6E82130098049F /* Main.storyboard */; };
		3ABD39021F6E82130098049F /* Assets.xcassets in Resources */ = {isa = PBXBuildFile; fileRef = 3ABD39011F6E82130098049F /* Assets.xcassets */; };
		3ABD39051F6E82130098049F /* LaunchScreen.storyboard in Resources */ = {isa = PBXBuildFile; fileRef = 3ABD39031F6E82130098049F /* LaunchScreen.storyboard */; };
		3ABD390F1F6FAF5C0098049F /* GridViewCell.swift in Sources */ = {isa = PBXBuildFile; fileRef = 3ABD390E1F6FAF5B0098049F /* GridViewCell.swift */; };
		3ABD39111F70CECA0098049F /* MemeryViewController.swift in Sources */ = {isa = PBXBuildFile; fileRef = 3ABD39101F70CECA0098049F /* MemeryViewController.swift */; };
		3ABD39211F724D6D0098049F /* MagazineDisplayView.swift in Sources */ = {isa = PBXBuildFile; fileRef = 3ABD391F1F724D6D0098049F /* MagazineDisplayView.swift */; };
		3ABD39221F724D6D0098049F /* MagazineViewController.swift in Sources */ = {isa = PBXBuildFile; fileRef = 3ABD39201F724D6D0098049F /* MagazineViewController.swift */; };
		3ABD39241F724F060098049F /* CTFrameParserConfig.swift in Sources */ = {isa = PBXBuildFile; fileRef = 3ABD39231F724F060098049F /* CTFrameParserConfig.swift */; };
		3ABD39261F7253240098049F /* CTFrameParser.swift in Sources */ = {isa = PBXBuildFile; fileRef = 3ABD39251F7253240098049F /* CTFrameParser.swift */; };
		3ABD392A1F7255700098049F /* CTFrameTextData.swift in Sources */ = {isa = PBXBuildFile; fileRef = 3ABD39291F7255700098049F /* CTFrameTextData.swift */; };
		79D91A13FE1C3AC543A1BE58 /* Pods_Memery.framework in Frameworks */ = {isa = PBXBuildFile; fileRef = CB78D0672A3C08DB06DC6D26 /* Pods_Memery.framework */; };
		882FC2361F9C474200D075C8 /* PhotosHelper.swift in Sources */ = {isa = PBXBuildFile; fileRef = 882FC2321F9C474200D075C8 /* PhotosHelper.swift */; };
		882FC2371F9C474200D075C8 /* PhotosTimeLineCell.swift in Sources */ = {isa = PBXBuildFile; fileRef = 882FC2331F9C474200D075C8 /* PhotosTimeLineCell.swift */; };
		882FC2381F9C474200D075C8 /* PhotosTimeLineView.swift in Sources */ = {isa = PBXBuildFile; fileRef = 882FC2341F9C474200D075C8 /* PhotosTimeLineView.swift */; };
		882FC2391F9C474200D075C8 /* PhotosViewController.swift in Sources */ = {isa = PBXBuildFile; fileRef = 882FC2351F9C474200D075C8 /* PhotosViewController.swift */; };
		882FC23C1F9C483D00D075C8 /* LoginViewController.swift in Sources */ = {isa = PBXBuildFile; fileRef = 882FC23B1F9C483D00D075C8 /* LoginViewController.swift */; };
/* End PBXBuildFile section */

/* Begin PBXFileReference section */
		28C64FE0EAA982A8D1DD4603 /* Pods-Memery.release.xcconfig */ = {isa = PBXFileReference; includeInIndex = 1; lastKnownFileType = text.xcconfig; name = "Pods-Memery.release.xcconfig"; path = "Pods/Target Support Files/Pods-Memery/Pods-Memery.release.xcconfig"; sourceTree = "<group>"; };
		3A1C336C1F7372A6002CCE11 /* content.json */ = {isa = PBXFileReference; fileEncoding = 4; lastKnownFileType = text.json; path = content.json; sourceTree = "<group>"; };
		3ABD38F71F6E82120098049F /* Memery.app */ = {isa = PBXFileReference; explicitFileType = wrapper.application; includeInIndex = 0; path = Memery.app; sourceTree = BUILT_PRODUCTS_DIR; };
		3ABD38FA1F6E82120098049F /* AppDelegate.swift */ = {isa = PBXFileReference; lastKnownFileType = sourcecode.swift; path = AppDelegate.swift; sourceTree = "<group>"; };
		3ABD38FF1F6E82130098049F /* Base */ = {isa = PBXFileReference; lastKnownFileType = file.storyboard; name = Base; path = Base.lproj/Main.storyboard; sourceTree = "<group>"; };
		3ABD39011F6E82130098049F /* Assets.xcassets */ = {isa = PBXFileReference; lastKnownFileType = folder.assetcatalog; path = Assets.xcassets; sourceTree = "<group>"; };
		3ABD39041F6E82130098049F /* Base */ = {isa = PBXFileReference; lastKnownFileType = file.storyboard; name = Base; path = Base.lproj/LaunchScreen.storyboard; sourceTree = "<group>"; };
		3ABD39061F6E82130098049F /* Info.plist */ = {isa = PBXFileReference; lastKnownFileType = text.plist.xml; path = Info.plist; sourceTree = "<group>"; };
		3ABD390E1F6FAF5B0098049F /* GridViewCell.swift */ = {isa = PBXFileReference; fileEncoding = 4; lastKnownFileType = sourcecode.swift; path = GridViewCell.swift; sourceTree = "<group>"; };
		3ABD39101F70CECA0098049F /* MemeryViewController.swift */ = {isa = PBXFileReference; fileEncoding = 4; lastKnownFileType = sourcecode.swift; path = MemeryViewController.swift; sourceTree = "<group>"; };
		3ABD391F1F724D6D0098049F /* MagazineDisplayView.swift */ = {isa = PBXFileReference; fileEncoding = 4; lastKnownFileType = sourcecode.swift; path = MagazineDisplayView.swift; sourceTree = "<group>"; };
		3ABD39201F724D6D0098049F /* MagazineViewController.swift */ = {isa = PBXFileReference; fileEncoding = 4; lastKnownFileType = sourcecode.swift; path = MagazineViewController.swift; sourceTree = "<group>"; };
		3ABD39231F724F060098049F /* CTFrameParserConfig.swift */ = {isa = PBXFileReference; fileEncoding = 4; lastKnownFileType = sourcecode.swift; path = CTFrameParserConfig.swift; sourceTree = "<group>"; };
		3ABD39251F7253240098049F /* CTFrameParser.swift */ = {isa = PBXFileReference; fileEncoding = 4; lastKnownFileType = sourcecode.swift; path = CTFrameParser.swift; sourceTree = "<group>"; };
		3ABD39291F7255700098049F /* CTFrameTextData.swift */ = {isa = PBXFileReference; fileEncoding = 4; lastKnownFileType = sourcecode.swift; path = CTFrameTextData.swift; sourceTree = "<group>"; };
		69BCD339B92E1F61888EB8C9 /* Pods-Memery.debug.xcconfig */ = {isa = PBXFileReference; includeInIndex = 1; lastKnownFileType = text.xcconfig; name = "Pods-Memery.debug.xcconfig"; path = "Pods/Target Support Files/Pods-Memery/Pods-Memery.debug.xcconfig"; sourceTree = "<group>"; };
		882FC2321F9C474200D075C8 /* PhotosHelper.swift */ = {isa = PBXFileReference; fileEncoding = 4; lastKnownFileType = sourcecode.swift; path = PhotosHelper.swift; sourceTree = "<group>"; };
		882FC2331F9C474200D075C8 /* PhotosTimeLineCell.swift */ = {isa = PBXFileReference; fileEncoding = 4; lastKnownFileType = sourcecode.swift; path = PhotosTimeLineCell.swift; sourceTree = "<group>"; };
		882FC2341F9C474200D075C8 /* PhotosTimeLineView.swift */ = {isa = PBXFileReference; fileEncoding = 4; lastKnownFileType = sourcecode.swift; path = PhotosTimeLineView.swift; sourceTree = "<group>"; };
		882FC2351F9C474200D075C8 /* PhotosViewController.swift */ = {isa = PBXFileReference; fileEncoding = 4; lastKnownFileType = sourcecode.swift; path = PhotosViewController.swift; sourceTree = "<group>"; };
		882FC23B1F9C483D00D075C8 /* LoginViewController.swift */ = {isa = PBXFileReference; lastKnownFileType = sourcecode.swift; path = LoginViewController.swift; sourceTree = "<group>"; };
		CB78D0672A3C08DB06DC6D26 /* Pods_Memery.framework */ = {isa = PBXFileReference; explicitFileType = wrapper.framework; includeInIndex = 0; path = Pods_Memery.framework; sourceTree = BUILT_PRODUCTS_DIR; };
/* End PBXFileReference section */

/* Begin PBXFrameworksBuildPhase section */
		3ABD38F41F6E82120098049F /* Frameworks */ = {
			isa = PBXFrameworksBuildPhase;
			buildActionMask = 2147483647;
			files = (
				79D91A13FE1C3AC543A1BE58 /* Pods_Memery.framework in Frameworks */,
			);
			runOnlyForDeploymentPostprocessing = 0;
		};
/* End PBXFrameworksBuildPhase section */

/* Begin PBXGroup section */
		118F6907CD29CE9FF831AFF9 /* Pods */ = {
			isa = PBXGroup;
			children = (
				69BCD339B92E1F61888EB8C9 /* Pods-Memery.debug.xcconfig */,
				28C64FE0EAA982A8D1DD4603 /* Pods-Memery.release.xcconfig */,
			);
			name = Pods;
			sourceTree = "<group>";
		};
		2D735446E4E39D4C5FA2A370 /* Frameworks */ = {
			isa = PBXGroup;
			children = (
				CB78D0672A3C08DB06DC6D26 /* Pods_Memery.framework */,
			);
			name = Frameworks;
			sourceTree = "<group>";
		};
		3ABD38EE1F6E82120098049F = {
			isa = PBXGroup;
			children = (
				3ABD38F91F6E82120098049F /* Memery */,
				3ABD38F81F6E82120098049F /* Products */,
				118F6907CD29CE9FF831AFF9 /* Pods */,
				2D735446E4E39D4C5FA2A370 /* Frameworks */,
			);
			sourceTree = "<group>";
		};
		3ABD38F81F6E82120098049F /* Products */ = {
			isa = PBXGroup;
			children = (
				3ABD38F71F6E82120098049F /* Memery.app */,
			);
			name = Products;
			sourceTree = "<group>";
		};
		3ABD38F91F6E82120098049F /* Memery */ = {
			isa = PBXGroup;
			children = (
				882FC23A1F9C482600D075C8 /* Profile */,
				882FC2311F9C474200D075C8 /* Photo */,
				3ABD391E1F724D6D0098049F /* Magazine */,
				3ABD38FA1F6E82120098049F /* AppDelegate.swift */,
				3ABD38FE1F6E82130098049F /* Main.storyboard */,
				3ABD39011F6E82130098049F /* Assets.xcassets */,
				3ABD39031F6E82130098049F /* LaunchScreen.storyboard */,
				3ABD39061F6E82130098049F /* Info.plist */,
				3ABD390E1F6FAF5B0098049F /* GridViewCell.swift */,
				3ABD39101F70CECA0098049F /* MemeryViewController.swift */,
			);
			path = Memery;
			sourceTree = "<group>";
		};
		3ABD391E1F724D6D0098049F /* Magazine */ = {
			isa = PBXGroup;
			children = (
				3ABD39291F7255700098049F /* CTFrameTextData.swift */,
				3ABD391F1F724D6D0098049F /* MagazineDisplayView.swift */,
				3A1C336C1F7372A6002CCE11 /* content.json */,
				3ABD39201F724D6D0098049F /* MagazineViewController.swift */,
				3ABD39231F724F060098049F /* CTFrameParserConfig.swift */,
				3ABD39251F7253240098049F /* CTFrameParser.swift */,
			);
			path = Magazine;
			sourceTree = "<group>";
		};
		882FC2311F9C474200D075C8 /* Photo */ = {
			isa = PBXGroup;
			children = (
				882FC2321F9C474200D075C8 /* PhotosHelper.swift */,
				882FC2331F9C474200D075C8 /* PhotosTimeLineCell.swift */,
				882FC2341F9C474200D075C8 /* PhotosTimeLineView.swift */,
				882FC2351F9C474200D075C8 /* PhotosViewController.swift */,
			);
			path = Photo;
			sourceTree = "<group>";
		};
		882FC23A1F9C482600D075C8 /* Profile */ = {
			isa = PBXGroup;
			children = (
				882FC23B1F9C483D00D075C8 /* LoginViewController.swift */,
			);
			path = Profile;
			sourceTree = "<group>";
		};
/* End PBXGroup section */

/* Begin PBXNativeTarget section */
		3ABD38F61F6E82120098049F /* Memery */ = {
			isa = PBXNativeTarget;
			buildConfigurationList = 3ABD39091F6E82130098049F /* Build configuration list for PBXNativeTarget "Memery" */;
			buildPhases = (
				6889D54361622A4C62CE3CA6 /* [CP] Check Pods Manifest.lock */,
				3ABD38F31F6E82120098049F /* Sources */,
				3ABD38F41F6E82120098049F /* Frameworks */,
				3ABD38F51F6E82120098049F /* Resources */,
				A453203123901B4B3FC973D4 /* [CP] Embed Pods Frameworks */,
				9067FF5F46B6AB96451FDDF4 /* [CP] Copy Pods Resources */,
			);
			buildRules = (
			);
			dependencies = (
			);
			name = Memery;
			productName = Memery;
			productReference = 3ABD38F71F6E82120098049F /* Memery.app */;
			productType = "com.apple.product-type.application";
		};
/* End PBXNativeTarget section */

/* Begin PBXProject section */
		3ABD38EF1F6E82120098049F /* Project object */ = {
			isa = PBXProject;
			attributes = {
				LastSwiftUpdateCheck = 0830;
				LastUpgradeCheck = 0830;
				ORGANIZATIONNAME = "藏银";
				TargetAttributes = {
					3ABD38F61F6E82120098049F = {
						CreatedOnToolsVersion = 8.3.2;
						DevelopmentTeam = U4SEDCD66W;
						ProvisioningStyle = Automatic;
					};
				};
			};
			buildConfigurationList = 3ABD38F21F6E82120098049F /* Build configuration list for PBXProject "Memery" */;
			compatibilityVersion = "Xcode 3.2";
			developmentRegion = English;
			hasScannedForEncodings = 0;
			knownRegions = (
				en,
				Base,
			);
			mainGroup = 3ABD38EE1F6E82120098049F;
			productRefGroup = 3ABD38F81F6E82120098049F /* Products */;
			projectDirPath = "";
			projectRoot = "";
			targets = (
				3ABD38F61F6E82120098049F /* Memery */,
			);
		};
/* End PBXProject section */

/* Begin PBXResourcesBuildPhase section */
		3ABD38F51F6E82120098049F /* Resources */ = {
			isa = PBXResourcesBuildPhase;
			buildActionMask = 2147483647;
			files = (
				3ABD39051F6E82130098049F /* LaunchScreen.storyboard in Resources */,
				3ABD39021F6E82130098049F /* Assets.xcassets in Resources */,
				3ABD39001F6E82130098049F /* Main.storyboard in Resources */,
				3A1C336D1F7372A7002CCE11 /* content.json in Resources */,
			);
			runOnlyForDeploymentPostprocessing = 0;
		};
/* End PBXResourcesBuildPhase section */

/* Begin PBXShellScriptBuildPhase section */
		6889D54361622A4C62CE3CA6 /* [CP] Check Pods Manifest.lock */ = {
			isa = PBXShellScriptBuildPhase;
			buildActionMask = 2147483647;
			files = (
			);
			inputPaths = (
				"${PODS_PODFILE_DIR_PATH}/Podfile.lock",
				"${PODS_ROOT}/Manifest.lock",
			);
			name = "[CP] Check Pods Manifest.lock";
			outputPaths = (
				"$(DERIVED_FILE_DIR)/Pods-Memery-checkManifestLockResult.txt",
			);
			runOnlyForDeploymentPostprocessing = 0;
			shellPath = /bin/sh;
			shellScript = "diff \"${PODS_PODFILE_DIR_PATH}/Podfile.lock\" \"${PODS_ROOT}/Manifest.lock\" > /dev/null\nif [ $? != 0 ] ; then\n    # print error to STDERR\n    echo \"error: The sandbox is not in sync with the Podfile.lock. Run 'pod install' or update your CocoaPods installation.\" >&2\n    exit 1\nfi\n# This output is used by Xcode 'outputs' to avoid re-running this script phase.\necho \"SUCCESS\" > \"${SCRIPT_OUTPUT_FILE_0}\"\n";
			showEnvVarsInLog = 0;
		};
		9067FF5F46B6AB96451FDDF4 /* [CP] Copy Pods Resources */ = {
			isa = PBXShellScriptBuildPhase;
			buildActionMask = 2147483647;
			files = (
			);
			inputPaths = (
			);
			name = "[CP] Copy Pods Resources";
			outputPaths = (
			);
			runOnlyForDeploymentPostprocessing = 0;
			shellPath = /bin/sh;
			shellScript = "\"${SRCROOT}/Pods/Target Support Files/Pods-Memery/Pods-Memery-resources.sh\"\n";
			showEnvVarsInLog = 0;
		};
		A453203123901B4B3FC973D4 /* [CP] Embed Pods Frameworks */ = {
			isa = PBXShellScriptBuildPhase;
			buildActionMask = 2147483647;
			files = (
			);
			inputPaths = (
				"${SRCROOT}/Pods/Target Support Files/Pods-Memery/Pods-Memery-frameworks.sh",
				"${BUILT_PRODUCTS_DIR}/Alamofire/Alamofire.framework",
				"${BUILT_PRODUCTS_DIR}/Cartography/Cartography.framework",
				"${BUILT_PRODUCTS_DIR}/DACircularProgress/DACircularProgress.framework",
				"${BUILT_PRODUCTS_DIR}/EZSwiftExtensions/EZSwiftExtensions.framework",
				"${BUILT_PRODUCTS_DIR}/ObjcExceptionBridging/ObjcExceptionBridging.framework",
				"${BUILT_PRODUCTS_DIR}/ReactiveCocoa/ReactiveCocoa.framework",
				"${BUILT_PRODUCTS_DIR}/ReactiveSwift/ReactiveSwift.framework",
				"${BUILT_PRODUCTS_DIR}/Result/Result.framework",
				"${BUILT_PRODUCTS_DIR}/RxCocoa/RxCocoa.framework",
				"${BUILT_PRODUCTS_DIR}/RxSwift/RxSwift.framework",
				"${BUILT_PRODUCTS_DIR}/SwiftyJSON/SwiftyJSON.framework",
				"${BUILT_PRODUCTS_DIR}/XCGLogger/XCGLogger.framework",
			);
			name = "[CP] Embed Pods Frameworks";
			outputPaths = (
				"${TARGET_BUILD_DIR}/${FRAMEWORKS_FOLDER_PATH}/Alamofire.framework",
				"${TARGET_BUILD_DIR}/${FRAMEWORKS_FOLDER_PATH}/Cartography.framework",
				"${TARGET_BUILD_DIR}/${FRAMEWORKS_FOLDER_PATH}/DACircularProgress.framework",
				"${TARGET_BUILD_DIR}/${FRAMEWORKS_FOLDER_PATH}/EZSwiftExtensions.framework",
				"${TARGET_BUILD_DIR}/${FRAMEWORKS_FOLDER_PATH}/ObjcExceptionBridging.framework",
				"${TARGET_BUILD_DIR}/${FRAMEWORKS_FOLDER_PATH}/ReactiveCocoa.framework",
				"${TARGET_BUILD_DIR}/${FRAMEWORKS_FOLDER_PATH}/ReactiveSwift.framework",
				"${TARGET_BUILD_DIR}/${FRAMEWORKS_FOLDER_PATH}/Result.framework",
				"${TARGET_BUILD_DIR}/${FRAMEWORKS_FOLDER_PATH}/RxCocoa.framework",
				"${TARGET_BUILD_DIR}/${FRAMEWORKS_FOLDER_PATH}/RxSwift.framework",
				"${TARGET_BUILD_DIR}/${FRAMEWORKS_FOLDER_PATH}/SwiftyJSON.framework",
				"${TARGET_BUILD_DIR}/${FRAMEWORKS_FOLDER_PATH}/XCGLogger.framework",
			);
			runOnlyForDeploymentPostprocessing = 0;
			shellPath = /bin/sh;
			shellScript = "\"${SRCROOT}/Pods/Target Support Files/Pods-Memery/Pods-Memery-frameworks.sh\"\n";
			showEnvVarsInLog = 0;
		};
/* End PBXShellScriptBuildPhase section */

/* Begin PBXSourcesBuildPhase section */
		3ABD38F31F6E82120098049F /* Sources */ = {
			isa = PBXSourcesBuildPhase;
			buildActionMask = 2147483647;
			files = (
				3ABD39211F724D6D0098049F /* MagazineDisplayView.swift in Sources */,
				3ABD38FB1F6E82120098049F /* AppDelegate.swift in Sources */,
				3ABD39221F724D6D0098049F /* MagazineViewController.swift in Sources */,
				882FC2371F9C474200D075C8 /* PhotosTimeLineCell.swift in Sources */,
				3ABD39261F7253240098049F /* CTFrameParser.swift in Sources */,
				3ABD390F1F6FAF5C0098049F /* GridViewCell.swift in Sources */,
				882FC2381F9C474200D075C8 /* PhotosTimeLineView.swift in Sources */,
				3ABD39241F724F060098049F /* CTFrameParserConfig.swift in Sources */,
				3ABD39111F70CECA0098049F /* MemeryViewController.swift in Sources */,
				882FC2391F9C474200D075C8 /* PhotosViewController.swift in Sources */,
				3ABD392A1F7255700098049F /* CTFrameTextData.swift in Sources */,
				882FC23C1F9C483D00D075C8 /* LoginViewController.swift in Sources */,
				882FC2361F9C474200D075C8 /* PhotosHelper.swift in Sources */,
			);
			runOnlyForDeploymentPostprocessing = 0;
		};
/* End PBXSourcesBuildPhase section */

/* Begin PBXVariantGroup section */
		3ABD38FE1F6E82130098049F /* Main.storyboard */ = {
			isa = PBXVariantGroup;
			children = (
				3ABD38FF1F6E82130098049F /* Base */,
			);
			name = Main.storyboard;
			sourceTree = "<group>";
		};
		3ABD39031F6E82130098049F /* LaunchScreen.storyboard */ = {
			isa = PBXVariantGroup;
			children = (
				3ABD39041F6E82130098049F /* Base */,
			);
			name = LaunchScreen.storyboard;
			sourceTree = "<group>";
		};
/* End PBXVariantGroup section */

/* Begin XCBuildConfiguration section */
		3ABD39071F6E82130098049F /* Debug */ = {
			isa = XCBuildConfiguration;
			buildSettings = {
				ALWAYS_SEARCH_USER_PATHS = NO;
				CLANG_ANALYZER_NONNULL = YES;
				CLANG_ANALYZER_NUMBER_OBJECT_CONVERSION = YES_AGGRESSIVE;
				CLANG_CXX_LANGUAGE_STANDARD = "gnu++0x";
				CLANG_CXX_LIBRARY = "libc++";
				CLANG_ENABLE_MODULES = YES;
				CLANG_ENABLE_OBJC_ARC = YES;
				CLANG_WARN_BOOL_CONVERSION = YES;
				CLANG_WARN_CONSTANT_CONVERSION = YES;
				CLANG_WARN_DIRECT_OBJC_ISA_USAGE = YES_ERROR;
				CLANG_WARN_DOCUMENTATION_COMMENTS = YES;
				CLANG_WARN_EMPTY_BODY = YES;
				CLANG_WARN_ENUM_CONVERSION = YES;
				CLANG_WARN_INFINITE_RECURSION = YES;
				CLANG_WARN_INT_CONVERSION = YES;
				CLANG_WARN_OBJC_ROOT_CLASS = YES_ERROR;
				CLANG_WARN_SUSPICIOUS_MOVE = YES;
				CLANG_WARN_UNREACHABLE_CODE = YES;
				CLANG_WARN__DUPLICATE_METHOD_MATCH = YES;
				"CODE_SIGN_IDENTITY[sdk=iphoneos*]" = "iPhone Developer";
				COPY_PHASE_STRIP = NO;
				DEBUG_INFORMATION_FORMAT = dwarf;
				ENABLE_STRICT_OBJC_MSGSEND = YES;
				ENABLE_TESTABILITY = YES;
				GCC_C_LANGUAGE_STANDARD = gnu99;
				GCC_DYNAMIC_NO_PIC = NO;
				GCC_NO_COMMON_BLOCKS = YES;
				GCC_OPTIMIZATION_LEVEL = 0;
				GCC_PREPROCESSOR_DEFINITIONS = (
					"DEBUG=1",
					"$(inherited)",
				);
				GCC_WARN_64_TO_32_BIT_CONVERSION = YES;
				GCC_WARN_ABOUT_RETURN_TYPE = YES_ERROR;
				GCC_WARN_UNDECLARED_SELECTOR = YES;
				GCC_WARN_UNINITIALIZED_AUTOS = YES_AGGRESSIVE;
				GCC_WARN_UNUSED_FUNCTION = YES;
				GCC_WARN_UNUSED_VARIABLE = YES;
				IPHONEOS_DEPLOYMENT_TARGET = 10.3;
				MTL_ENABLE_DEBUG_INFO = YES;
				ONLY_ACTIVE_ARCH = YES;
				SDKROOT = iphoneos;
				SWIFT_ACTIVE_COMPILATION_CONDITIONS = DEBUG;
				SWIFT_OPTIMIZATION_LEVEL = "-Onone";
				TARGETED_DEVICE_FAMILY = "1,2";
			};
			name = Debug;
		};
		3ABD39081F6E82130098049F /* Release */ = {
			isa = XCBuildConfiguration;
			buildSettings = {
				ALWAYS_SEARCH_USER_PATHS = NO;
				CLANG_ANALYZER_NONNULL = YES;
				CLANG_ANALYZER_NUMBER_OBJECT_CONVERSION = YES_AGGRESSIVE;
				CLANG_CXX_LANGUAGE_STANDARD = "gnu++0x";
				CLANG_CXX_LIBRARY = "libc++";
				CLANG_ENABLE_MODULES = YES;
				CLANG_ENABLE_OBJC_ARC = YES;
				CLANG_WARN_BOOL_CONVERSION = YES;
				CLANG_WARN_CONSTANT_CONVERSION = YES;
				CLANG_WARN_DIRECT_OBJC_ISA_USAGE = YES_ERROR;
				CLANG_WARN_DOCUMENTATION_COMMENTS = YES;
				CLANG_WARN_EMPTY_BODY = YES;
				CLANG_WARN_ENUM_CONVERSION = YES;
				CLANG_WARN_INFINITE_RECURSION = YES;
				CLANG_WARN_INT_CONVERSION = YES;
				CLANG_WARN_OBJC_ROOT_CLASS = YES_ERROR;
				CLANG_WARN_SUSPICIOUS_MOVE = YES;
				CLANG_WARN_UNREACHABLE_CODE = YES;
				CLANG_WARN__DUPLICATE_METHOD_MATCH = YES;
				"CODE_SIGN_IDENTITY[sdk=iphoneos*]" = "iPhone Developer";
				COPY_PHASE_STRIP = NO;
				DEBUG_INFORMATION_FORMAT = "dwarf-with-dsym";
				ENABLE_NS_ASSERTIONS = NO;
				ENABLE_STRICT_OBJC_MSGSEND = YES;
				GCC_C_LANGUAGE_STANDARD = gnu99;
				GCC_NO_COMMON_BLOCKS = YES;
				GCC_WARN_64_TO_32_BIT_CONVERSION = YES;
				GCC_WARN_ABOUT_RETURN_TYPE = YES_ERROR;
				GCC_WARN_UNDECLARED_SELECTOR = YES;
				GCC_WARN_UNINITIALIZED_AUTOS = YES_AGGRESSIVE;
				GCC_WARN_UNUSED_FUNCTION = YES;
				GCC_WARN_UNUSED_VARIABLE = YES;
				IPHONEOS_DEPLOYMENT_TARGET = 10.3;
				MTL_ENABLE_DEBUG_INFO = NO;
				SDKROOT = iphoneos;
				SWIFT_OPTIMIZATION_LEVEL = "-Owholemodule";
				TARGETED_DEVICE_FAMILY = "1,2";
				VALIDATE_PRODUCT = YES;
			};
			name = Release;
		};
		3ABD390A1F6E82130098049F /* Debug */ = {
			isa = XCBuildConfiguration;
			baseConfigurationReference = 69BCD339B92E1F61888EB8C9 /* Pods-Memery.debug.xcconfig */;
			buildSettings = {
				ASSETCATALOG_COMPILER_APPICON_NAME = AppIcon;
				DEVELOPMENT_TEAM = U4SEDCD66W;
				INFOPLIST_FILE = Memery/Info.plist;
				IPHONEOS_DEPLOYMENT_TARGET = 9.0;
				LD_RUNPATH_SEARCH_PATHS = "$(inherited) @executable_path/Frameworks";
				PRODUCT_BUNDLE_IDENTIFIER = "--.Memery";
				PRODUCT_NAME = "$(TARGET_NAME)";
				SWIFT_VERSION = 3.0;
				TARGETED_DEVICE_FAMILY = 1;
			};
			name = Debug;
		};
		3ABD390B1F6E82130098049F /* Release */ = {
			isa = XCBuildConfiguration;
			baseConfigurationReference = 28C64FE0EAA982A8D1DD4603 /* Pods-Memery.release.xcconfig */;
			buildSettings = {
				ASSETCATALOG_COMPILER_APPICON_NAME = AppIcon;
				DEVELOPMENT_TEAM = U4SEDCD66W;
				INFOPLIST_FILE = Memery/Info.plist;
				IPHONEOS_DEPLOYMENT_TARGET = 9.0;
				LD_RUNPATH_SEARCH_PATHS = "$(inherited) @executable_path/Frameworks";
				PRODUCT_BUNDLE_IDENTIFIER = "--.Memery";
				PRODUCT_NAME = "$(TARGET_NAME)";
				SWIFT_VERSION = 3.0;
				TARGETED_DEVICE_FAMILY = 1;
			};
			name = Release;
		};
/* End XCBuildConfiguration section */

/* Begin XCConfigurationList section */
		3ABD38F21F6E82120098049F /* Build configuration list for PBXProject "Memery" */ = {
			isa = XCConfigurationList;
			buildConfigurations = (
				3ABD39071F6E82130098049F /* Debug */,
				3ABD39081F6E82130098049F /* Release */,
			);
			defaultConfigurationIsVisible = 0;
			defaultConfigurationName = Release;
		};
		3ABD39091F6E82130098049F /* Build configuration list for PBXNativeTarget "Memery" */ = {
			isa = XCConfigurationList;
			buildConfigurations = (
				3ABD390A1F6E82130098049F /* Debug */,
				3ABD390B1F6E82130098049F /* Release */,
			);
			defaultConfigurationIsVisible = 0;
			defaultConfigurationName = Release;
		};
/* End XCConfigurationList section */
	};
	rootObject = 3ABD38EF1F6E82120098049F /* Project object */;
}
